// !$*UTF8*$!
{
	archiveVersion = 1;
	classes = {
	};
	objectVersion = 50;
	objects = {

/* Begin PBXBuildFile section */
		302D1F782534A3CA00017673 /* AppDelegate.swift in Sources */ = {isa = PBXBuildFile; fileRef = 302D1F772534A3CA00017673 /* AppDelegate.swift */; };
		302D1F7A2534A3CA00017673 /* SceneDelegate.swift in Sources */ = {isa = PBXBuildFile; fileRef = 302D1F792534A3CA00017673 /* SceneDelegate.swift */; };
		302D1F7C2534A3CA00017673 /* ViewController.swift in Sources */ = {isa = PBXBuildFile; fileRef = 302D1F7B2534A3CA00017673 /* ViewController.swift */; };
		302D1F7F2534A3CA00017673 /* Main.storyboard in Resources */ = {isa = PBXBuildFile; fileRef = 302D1F7D2534A3CA00017673 /* Main.storyboard */; };
		302D1F812534A3CC00017673 /* Assets.xcassets in Resources */ = {isa = PBXBuildFile; fileRef = 302D1F802534A3CC00017673 /* Assets.xcassets */; };
		302D1F842534A3CC00017673 /* LaunchScreen.storyboard in Resources */ = {isa = PBXBuildFile; fileRef = 302D1F822534A3CC00017673 /* LaunchScreen.storyboard */; };
		302D23042534A62C00017673 /* Charts.framework in Frameworks */ = {isa = PBXBuildFile; fileRef = 302D23002534A61900017673 /* Charts.framework */; };
		302D23062534A74700017673 /* SimpleBarChartsViewController.swift in Sources */ = {isa = PBXBuildFile; fileRef = 302D23052534A74700017673 /* SimpleBarChartsViewController.swift */; };
		302D23B0253C356800017673 /* GroupsBarChartsViewController.swift in Sources */ = {isa = PBXBuildFile; fileRef = 302D23AF253C356800017673 /* GroupsBarChartsViewController.swift */; };
		302D23B4253C399200017673 /* TestViewController.swift in Sources */ = {isa = PBXBuildFile; fileRef = 302D23B3253C399200017673 /* TestViewController.swift */; };
/* End PBXBuildFile section */

/* Begin PBXContainerItemProxy section */
		302D22FF2534A61900017673 /* PBXContainerItemProxy */ = {
			isa = PBXContainerItemProxy;
			containerPortal = 302D22FA2534A61900017673 /* Charts.xcodeproj */;
			proxyType = 2;
			remoteGlobalIDString = 65AD9E95D9ED4DC0BD73A743;
			remoteInfo = Charts;
		};
		302D23012534A61900017673 /* PBXContainerItemProxy */ = {
			isa = PBXContainerItemProxy;
			containerPortal = 302D22FA2534A61900017673 /* Charts.xcodeproj */;
			proxyType = 2;
			remoteGlobalIDString = 1CBBC58C6CE1EBEE9852CE41;
			remoteInfo = ChartsTests;
		};
/* End PBXContainerItemProxy section */

/* Begin PBXFileReference section */
		302D1F742534A3CA00017673 /* ChartsTest.app */ = {isa = PBXFileReference; explicitFileType = wrapper.application; includeInIndex = 0; path = ChartsTest.app; sourceTree = BUILT_PRODUCTS_DIR; };
		302D1F772534A3CA00017673 /* AppDelegate.swift */ = {isa = PBXFileReference; lastKnownFileType = sourcecode.swift; path = AppDelegate.swift; sourceTree = "<group>"; };
		302D1F792534A3CA00017673 /* SceneDelegate.swift */ = {isa = PBXFileReference; lastKnownFileType = sourcecode.swift; path = SceneDelegate.swift; sourceTree = "<group>"; };
		302D1F7B2534A3CA00017673 /* ViewController.swift */ = {isa = PBXFileReference; lastKnownFileType = sourcecode.swift; path = ViewController.swift; sourceTree = "<group>"; };
		302D1F7E2534A3CA00017673 /* Base */ = {isa = PBXFileReference; lastKnownFileType = file.storyboard; name = Base; path = Base.lproj/Main.storyboard; sourceTree = "<group>"; };
		302D1F802534A3CC00017673 /* Assets.xcassets */ = {isa = PBXFileReference; lastKnownFileType = folder.assetcatalog; path = Assets.xcassets; sourceTree = "<group>"; };
		302D1F832534A3CC00017673 /* Base */ = {isa = PBXFileReference; lastKnownFileType = file.storyboard; name = Base; path = Base.lproj/LaunchScreen.storyboard; sourceTree = "<group>"; };
		302D1F852534A3CC00017673 /* Info.plist */ = {isa = PBXFileReference; lastKnownFileType = text.plist.xml; path = Info.plist; sourceTree = "<group>"; };
		302D22FA2534A61900017673 /* Charts.xcodeproj */ = {isa = PBXFileReference; lastKnownFileType = "wrapper.pb-project"; name = Charts.xcodeproj; path = ChartsTest/Charts/Charts.xcodeproj; sourceTree = "<group>"; };
		302D23052534A74700017673 /* SimpleBarChartsViewController.swift */ = {isa = PBXFileReference; lastKnownFileType = sourcecode.swift; path = SimpleBarChartsViewController.swift; sourceTree = "<group>"; };
		302D23AF253C356800017673 /* GroupsBarChartsViewController.swift */ = {isa = PBXFileReference; lastKnownFileType = sourcecode.swift; path = GroupsBarChartsViewController.swift; sourceTree = "<group>"; };
		302D23B3253C399200017673 /* TestViewController.swift */ = {isa = PBXFileReference; lastKnownFileType = sourcecode.swift; path = TestViewController.swift; sourceTree = "<group>"; };
/* End PBXFileReference section */

/* Begin PBXFrameworksBuildPhase section */
		302D1F712534A3CA00017673 /* Frameworks */ = {
			isa = PBXFrameworksBuildPhase;
			buildActionMask = 2147483647;
			files = (
				302D23042534A62C00017673 /* Charts.framework in Frameworks */,
			);
			runOnlyForDeploymentPostprocessing = 0;
		};
/* End PBXFrameworksBuildPhase section */

/* Begin PBXGroup section */
		302D1F6B2534A3CA00017673 = {
			isa = PBXGroup;
			children = (
				302D22FA2534A61900017673 /* Charts.xcodeproj */,
				302D1F762534A3CA00017673 /* ChartsTest */,
				302D1F752534A3CA00017673 /* Products */,
				302D23032534A62C00017673 /* Frameworks */,
			);
			sourceTree = "<group>";
		};
		302D1F752534A3CA00017673 /* Products */ = {
			isa = PBXGroup;
			children = (
				302D1F742534A3CA00017673 /* ChartsTest.app */,
			);
			name = Products;
			sourceTree = "<group>";
		};
		302D1F762534A3CA00017673 /* ChartsTest */ = {
			isa = PBXGroup;
			children = (
				302D1F772534A3CA00017673 /* AppDelegate.swift */,
				302D1F792534A3CA00017673 /* SceneDelegate.swift */,
				302D1F7B2534A3CA00017673 /* ViewController.swift */,
				302D23B3253C399200017673 /* TestViewController.swift */,
				302D23052534A74700017673 /* SimpleBarChartsViewController.swift */,
				302D23AF253C356800017673 /* GroupsBarChartsViewController.swift */,
				302D1F7D2534A3CA00017673 /* Main.storyboard */,
				302D1F802534A3CC00017673 /* Assets.xcassets */,
				302D1F822534A3CC00017673 /* LaunchScreen.storyboard */,
				302D1F852534A3CC00017673 /* Info.plist */,
			);
			path = ChartsTest;
			sourceTree = "<group>";
		};
		302D22FB2534A61900017673 /* Products */ = {
			isa = PBXGroup;
			children = (
				302D23002534A61900017673 /* Charts.framework */,
				302D23022534A61900017673 /* ChartsTests.xctest */,
			);
			name = Products;
			sourceTree = "<group>";
		};
		302D23032534A62C00017673 /* Frameworks */ = {
			isa = PBXGroup;
			children = (
			);
			name = Frameworks;
			sourceTree = "<group>";
		};
/* End PBXGroup section */

/* Begin PBXNativeTarget section */
		302D1F732534A3CA00017673 /* ChartsTest */ = {
			isa = PBXNativeTarget;
			buildConfigurationList = 302D1F882534A3CC00017673 /* Build configuration list for PBXNativeTarget "ChartsTest" */;
			buildPhases = (
				302D1F702534A3CA00017673 /* Sources */,
				302D1F712534A3CA00017673 /* Frameworks */,
				302D1F722534A3CA00017673 /* Resources */,
			);
			buildRules = (
			);
			dependencies = (
			);
			name = ChartsTest;
			productName = ChartsTest;
			productReference = 302D1F742534A3CA00017673 /* ChartsTest.app */;
			productType = "com.apple.product-type.application";
		};
/* End PBXNativeTarget section */

/* Begin PBXProject section */
		302D1F6C2534A3CA00017673 /* Project object */ = {
			isa = PBXProject;
			attributes = {
				LastSwiftUpdateCheck = 1160;
				LastUpgradeCheck = 1160;
				ORGANIZATIONNAME = "赵隆晓";
				TargetAttributes = {
					302D1F732534A3CA00017673 = {
						CreatedOnToolsVersion = 11.6;
					};
				};
			};
			buildConfigurationList = 302D1F6F2534A3CA00017673 /* Build configuration list for PBXProject "ChartsTest" */;
			compatibilityVersion = "Xcode 9.3";
			developmentRegion = en;
			hasScannedForEncodings = 0;
			knownRegions = (
				en,
				Base,
			);
			mainGroup = 302D1F6B2534A3CA00017673;
			productRefGroup = 302D1F752534A3CA00017673 /* Products */;
			projectDirPath = "";
			projectReferences = (
				{
					ProductGroup = 302D22FB2534A61900017673 /* Products */;
					ProjectRef = 302D22FA2534A61900017673 /* Charts.xcodeproj */;
				},
			);
			projectRoot = "";
			targets = (
				302D1F732534A3CA00017673 /* ChartsTest */,
			);
		};
/* End PBXProject section */

/* Begin PBXReferenceProxy section */
		302D23002534A61900017673 /* Charts.framework */ = {
			isa = PBXReferenceProxy;
			fileType = wrapper.framework;
			path = Charts.framework;
			remoteRef = 302D22FF2534A61900017673 /* PBXContainerItemProxy */;
			sourceTree = BUILT_PRODUCTS_DIR;
		};
		302D23022534A61900017673 /* ChartsTests.xctest */ = {
			isa = PBXReferenceProxy;
			fileType = wrapper.cfbundle;
			path = ChartsTests.xctest;
			remoteRef = 302D23012534A61900017673 /* PBXContainerItemProxy */;
			sourceTree = BUILT_PRODUCTS_DIR;
		};
/* End PBXReferenceProxy section */

/* Begin PBXResourcesBuildPhase section */
		302D1F722534A3CA00017673 /* Resources */ = {
			isa = PBXResourcesBuildPhase;
			buildActionMask = 2147483647;
			files = (
				302D1F842534A3CC00017673 /* LaunchScreen.storyboard in Resources */,
				302D1F812534A3CC00017673 /* Assets.xcassets in Resources */,
				302D1F7F2534A3CA00017673 /* Main.storyboard in Resources */,
			);
			runOnlyForDeploymentPostprocessing = 0;
		};
/* End PBXResourcesBuildPhase section */

/* Begin PBXSourcesBuildPhase section */
		302D1F702534A3CA00017673 /* Sources */ = {
			isa = PBXSourcesBuildPhase;
			buildActionMask = 2147483647;
			files = (
				302D23062534A74700017673 /* SimpleBarChartsViewController.swift in Sources */,
				302D1F7C2534A3CA00017673 /* ViewController.swift in Sources */,
				302D1F782534A3CA00017673 /* AppDelegate.swift in Sources */,
				302D1F7A2534A3CA00017673 /* SceneDelegate.swift in Sources */,
				302D23B4253C399200017673 /* TestViewController.swift in Sources */,
				302D23B0253C356800017673 /* GroupsBarChartsViewController.swift in Sources */,
			);
			runOnlyForDeploymentPostprocessing = 0;
		};
/* End PBXSourcesBuildPhase section */

/* Begin PBXVariantGroup section */
		302D1F7D2534A3CA00017673 /* Main.storyboard */ = {
			isa = PBXVariantGroup;
			children = (
				302D1F7E2534A3CA00017673 /* Base */,
			);
			name = Main.storyboard;
			sourceTree = "<group>";
		};
		302D1F822534A3CC00017673 /* LaunchScreen.storyboard */ = {
			isa = PBXVariantGroup;
			children = (
				302D1F832534A3CC00017673 /* Base */,
			);
			name = LaunchScreen.storyboard;
			sourceTree = "<group>";
		};
/* End PBXVariantGroup section */

/* Begin XCBuildConfiguration section */
		302D1F862534A3CC00017673 /* Debug */ = {
			isa = XCBuildConfiguration;
			buildSettings = {
				ALWAYS_SEARCH_USER_PATHS = NO;
				CLANG_ANALYZER_NONNULL = YES;
				CLANG_ANALYZER_NUMBER_OBJECT_CONVERSION = YES_AGGRESSIVE;
				CLANG_CXX_LANGUAGE_STANDARD = "gnu++14";
				CLANG_CXX_LIBRARY = "libc++";
				CLANG_ENABLE_MODULES = YES;
				CLANG_ENABLE_OBJC_ARC = YES;
				CLANG_ENABLE_OBJC_WEAK = YES;
				CLANG_WARN_BLOCK_CAPTURE_AUTORELEASING = YES;
				CLANG_WARN_BOOL_CONVERSION = YES;
				CLANG_WARN_COMMA = YES;
				CLANG_WARN_CONSTANT_CONVERSION = YES;
				CLANG_WARN_DEPRECATED_OBJC_IMPLEMENTATIONS = YES;
				CLANG_WARN_DIRECT_OBJC_ISA_USAGE = YES_ERROR;
				CLANG_WARN_DOCUMENTATION_COMMENTS = YES;
				CLANG_WARN_EMPTY_BODY = YES;
				CLANG_WARN_ENUM_CONVERSION = YES;
				CLANG_WARN_INFINITE_RECURSION = YES;
				CLANG_WARN_INT_CONVERSION = YES;
				CLANG_WARN_NON_LITERAL_NULL_CONVERSION = YES;
				CLANG_WARN_OBJC_IMPLICIT_RETAIN_SELF = YES;
				CLANG_WARN_OBJC_LITERAL_CONVERSION = YES;
				CLANG_WARN_OBJC_ROOT_CLASS = YES_ERROR;
				CLANG_WARN_RANGE_LOOP_ANALYSIS = YES;
				CLANG_WARN_STRICT_PROTOTYPES = YES;
				CLANG_WARN_SUSPICIOUS_MOVE = YES;
				CLANG_WARN_UNGUARDED_AVAILABILITY = YES_AGGRESSIVE;
				CLANG_WARN_UNREACHABLE_CODE = YES;
				CLANG_WARN__DUPLICATE_METHOD_MATCH = YES;
				COPY_PHASE_STRIP = NO;
				DEBUG_INFORMATION_FORMAT = dwarf;
				ENABLE_STRICT_OBJC_MSGSEND = YES;
				ENABLE_TESTABILITY = YES;
				GCC_C_LANGUAGE_STANDARD = gnu11;
				GCC_DYNAMIC_NO_PIC = NO;
				GCC_NO_COMMON_BLOCKS = YES;
				GCC_OPTIMIZATION_LEVEL = 0;
				GCC_PREPROCESSOR_DEFINITIONS = (
					"DEBUG=1",
					"$(inherited)",
				);
				GCC_WARN_64_TO_32_BIT_CONVERSION = YES;
				GCC_WARN_ABOUT_RETURN_TYPE = YES_ERROR;
				GCC_WARN_UNDECLARED_SELECTOR = YES;
				GCC_WARN_UNINITIALIZED_AUTOS = YES_AGGRESSIVE;
				GCC_WARN_UNUSED_FUNCTION = YES;
				GCC_WARN_UNUSED_VARIABLE = YES;
				IPHONEOS_DEPLOYMENT_TARGET = 13.6;
				MTL_ENABLE_DEBUG_INFO = INCLUDE_SOURCE;
				MTL_FAST_MATH = YES;
				ONLY_ACTIVE_ARCH = YES;
				SDKROOT = iphoneos;
				SWIFT_ACTIVE_COMPILATION_CONDITIONS = DEBUG;
				SWIFT_OPTIMIZATION_LEVEL = "-Onone";
			};
			name = Debug;
		};
		302D1F872534A3CC00017673 /* Release */ = {
			isa = XCBuildConfiguration;
			buildSettings = {
				ALWAYS_SEARCH_USER_PATHS = NO;
				CLANG_ANALYZER_NONNULL = YES;
				CLANG_ANALYZER_NUMBER_OBJECT_CONVERSION = YES_AGGRESSIVE;
				CLANG_CXX_LANGUAGE_STANDARD = "gnu++14";
				CLANG_CXX_LIBRARY = "libc++";
				CLANG_ENABLE_MODULES = YES;
				CLANG_ENABLE_OBJC_ARC = YES;
				CLANG_ENABLE_OBJC_WEAK = YES;
				CLANG_WARN_BLOCK_CAPTURE_AUTORELEASING = YES;
				CLANG_WARN_BOOL_CONVERSION = YES;
				CLANG_WARN_COMMA = YES;
				CLANG_WARN_CONSTANT_CONVERSION = YES;
				CLANG_WARN_DEPRECATED_OBJC_IMPLEMENTATIONS = YES;
				CLANG_WARN_DIRECT_OBJC_ISA_USAGE = YES_ERROR;
				CLANG_WARN_DOCUMENTATION_COMMENTS = YES;
				CLANG_WARN_EMPTY_BODY = YES;
				CLANG_WARN_ENUM_CONVERSION = YES;
				CLANG_WARN_INFINITE_RECURSION = YES;
				CLANG_WARN_INT_CONVERSION = YES;
				CLANG_WARN_NON_LITERAL_NULL_CONVERSION = YES;
				CLANG_WARN_OBJC_IMPLICIT_RETAIN_SELF = YES;
				CLANG_WARN_OBJC_LITERAL_CONVERSION = YES;
				CLANG_WARN_OBJC_ROOT_CLASS = YES_ERROR;
				CLANG_WARN_RANGE_LOOP_ANALYSIS = YES;
				CLANG_WARN_STRICT_PROTOTYPES = YES;
				CLANG_WARN_SUSPICIOUS_MOVE = YES;
				CLANG_WARN_UNGUARDED_AVAILABILITY = YES_AGGRESSIVE;
				CLANG_WARN_UNREACHABLE_CODE = YES;
				CLANG_WARN__DUPLICATE_METHOD_MATCH = YES;
				COPY_PHASE_STRIP = NO;
				DEBUG_INFORMATION_FORMAT = "dwarf-with-dsym";
				ENABLE_NS_ASSERTIONS = NO;
				ENABLE_STRICT_OBJC_MSGSEND = YES;
				GCC_C_LANGUAGE_STANDARD = gnu11;
				GCC_NO_COMMON_BLOCKS = YES;
				GCC_WARN_64_TO_32_BIT_CONVERSION = YES;
				GCC_WARN_ABOUT_RETURN_TYPE = YES_ERROR;
				GCC_WARN_UNDECLARED_SELECTOR = YES;
				GCC_WARN_UNINITIALIZED_AUTOS = YES_AGGRESSIVE;
				GCC_WARN_UNUSED_FUNCTION = YES;
				GCC_WARN_UNUSED_VARIABLE = YES;
				IPHONEOS_DEPLOYMENT_TARGET = 13.6;
				MTL_ENABLE_DEBUG_INFO = NO;
				MTL_FAST_MATH = YES;
				SDKROOT = iphoneos;
				SWIFT_COMPILATION_MODE = wholemodule;
				SWIFT_OPTIMIZATION_LEVEL = "-O";
				VALIDATE_PRODUCT = YES;
			};
			name = Release;
		};
		302D1F892534A3CC00017673 /* Debug */ = {
			isa = XCBuildConfiguration;
			buildSettings = {
				ASSETCATALOG_COMPILER_APPICON_NAME = AppIcon;
				CODE_SIGN_STYLE = Automatic;
				DEVELOPMENT_TEAM = VU8CC2L484;
				INFOPLIST_FILE = ChartsTest/Info.plist;
				LD_RUNPATH_SEARCH_PATHS = (
					"$(inherited)",
					"@executable_path/Frameworks",
				);
				PRODUCT_BUNDLE_IDENTIFIER = com.zhaolongxiao;
				PRODUCT_NAME = "$(TARGET_NAME)";
				SWIFT_VERSION = 5.0;
				TARGETED_DEVICE_FAMILY = "1,2";
			};
			name = Debug;
		};
		302D1F8A2534A3CC00017673 /* Release */ = {
			isa = XCBuildConfiguration;
			buildSettings = {
				ASSETCATALOG_COMPILER_APPICON_NAME = AppIcon;
				CODE_SIGN_STYLE = Automatic;
				DEVELOPMENT_TEAM = VU8CC2L484;
				INFOPLIST_FILE = ChartsTest/Info.plist;
				LD_RUNPATH_SEARCH_PATHS = (
					"$(inherited)",
					"@executable_path/Frameworks",
				);
				PRODUCT_BUNDLE_IDENTIFIER = com.zhaolongxiao;
				PRODUCT_NAME = "$(TARGET_NAME)";
				SWIFT_VERSION = 5.0;
				TARGETED_DEVICE_FAMILY = "1,2";
			};
			name = Release;
		};
/* End XCBuildConfiguration section */

/* Begin XCConfigurationList section */
		302D1F6F2534A3CA00017673 /* Build configuration list for PBXProject "ChartsTest" */ = {
			isa = XCConfigurationList;
			buildConfigurations = (
				302D1F862534A3CC00017673 /* Debug */,
				302D1F872534A3CC00017673 /* Release */,
			);
			defaultConfigurationIsVisible = 0;
			defaultConfigurationName = Release;
		};
		302D1F882534A3CC00017673 /* Build configuration list for PBXNativeTarget "ChartsTest" */ = {
			isa = XCConfigurationList;
			buildConfigurations = (
				302D1F892534A3CC00017673 /* Debug */,
				302D1F8A2534A3CC00017673 /* Release */,
			);
			defaultConfigurationIsVisible = 0;
			defaultConfigurationName = Release;
		};
/* End XCConfigurationList section */
	};
	rootObject = 302D1F6C2534A3CA00017673 /* Project object */;
}
